
Microsoft Visual Studio Solution File, Format Version 12.00
Project("{FAE04EC0-301F-11D3-BF4B-00C04F79EFBC}") = "Ring", "Ring\Ring.csproj", "{EE52C2A4-069B-467B-8F9B-05A7DA3B81FE}"
EndProject
Global
	GlobalSection(SolutionConfigurationPlatforms) = preSolution
		Debug|Any CPU = Debug|Any CPU
		Release|Any CPU = Release|Any CPU
	EndGlobalSection
	GlobalSection(ProjectConfigurationPlatforms) = postSolution
		{EE52C2A4-069B-467B-8F9B-05A7DA3B81FE}.Debug|Any CPU.ActiveCfg = Debug|Any CPU
		{EE52C2A4-069B-467B-8F9B-05A7DA3B81FE}.Debug|Any CPU.Build.0 = Debug|Any CPU
		{EE52C2A4-069B-467B-8F9B-05A7DA3B81FE}.Release|Any CPU.ActiveCfg = Release|Any CPU
		{EE52C2A4-069B-467B-8F9B-05A7DA3B81FE}.Release|Any CPU.Build.0 = Release|Any CPU
	EndGlobalSection
EndGlobal
